
Microsoft Visual Studio Solution File, Format Version 12.00
# Visual Studio Version 17
VisualStudioVersion = 17.14.36327.8 d17.14
MinimumVisualStudioVersion = 10.0.40219.1
Project("{FAE04EC0-301F-11D3-BF4B-00C04F79EFBC}") = "ReservadeBoletos", "ReservadeBoletos\ReservadeBoletos.csproj", "{BE77C30C-5B99-42A4-9208-6F9A1C66B3C0}"
EndProject
Global
	GlobalSection(SolutionConfigurationPlatforms) = preSolution
		Debug|Any CPU = Debug|Any CPU
		Release|Any CPU = Release|Any CPU
	EndGlobalSection
	GlobalSection(ProjectConfigurationPlatforms) = postSolution
		{BE77C30C-5B99-42A4-9208-6F9A1C66B3C0}.Debug|Any CPU.ActiveCfg = Debug|Any CPU
		{BE77C30C-5B99-42A4-9208-6F9A1C66B3C0}.Debug|Any CPU.Build.0 = Debug|Any CPU
		{BE77C30C-5B99-42A4-9208-6F9A1C66B3C0}.Release|Any CPU.ActiveCfg = Release|Any CPU
		{BE77C30C-5B99-42A4-9208-6F9A1C66B3C0}.Release|Any CPU.Build.0 = Release|Any CPU
	EndGlobalSection
	GlobalSection(SolutionProperties) = preSolution
		HideSolutionNode = FALSE
	EndGlobalSection
	GlobalSection(ExtensibilityGlobals) = postSolution
		SolutionGuid = {0821EC16-91F4-4006-BC38-B9E7A46BE9BF}
	EndGlobalSection
EndGlobal
